PODS:
  - mParticle-Apple-SDK (8.12.0):
    - mParticle-Apple-SDK/mParticle (= 8.12.0)
  - mParticle-Apple-SDK/mParticle (8.12.0)

DEPENDENCIES:
  - mParticle-Apple-SDK (~> 8)

SPEC REPOS:
  trunk:
    - mParticle-Apple-SDK

SPEC CHECKSUMS:
  mParticle-Apple-SDK: bc9da8818b0a3f720cb036b4cdc489d99aac06fd

PODFILE CHECKSUM: 4e198071c19abbbe0e773fca527c91f267adc732

COCOAPODS: 1.11.3
